
Microsoft Visual Studio Solution File, Format Version 12.00
# Visual Studio Version 16
VisualStudioVersion = 16.0.31229.75
MinimumVisualStudioVersion = 10.0.40219.1
Project("{FAE04EC0-301F-11D3-BF4B-00C04F79EFBC}") = "amrts-map", "amrts-map\amrts-map.csproj", "{CDC4E0B3-49E6-4AFF-B701-B05491D1F0B2}"
EndProject
Project("{FAE04EC0-301F-11D3-BF4B-00C04F79EFBC}") = "DrPack.Bridge", "DrPack.Bridge\DrPack.Bridge.csproj", "{18031622-2F41-468F-9CCC-5BADED5DB7A5}"
EndProject
Global
	GlobalSection(SolutionConfigurationPlatforms) = preSolution
		Debug|Any CPU = Debug|Any CPU
		Release|Any CPU = Release|Any CPU
	EndGlobalSection
	GlobalSection(ProjectConfigurationPlatforms) = postSolution
		{CDC4E0B3-49E6-4AFF-B701-B05491D1F0B2}.Debug|Any CPU.ActiveCfg = Debug|Any CPU
		{CDC4E0B3-49E6-4AFF-B701-B05491D1F0B2}.Debug|Any CPU.Build.0 = Debug|Any CPU
		{CDC4E0B3-49E6-4AFF-B701-B05491D1F0B2}.Release|Any CPU.ActiveCfg = Release|Any CPU
		{CDC4E0B3-49E6-4AFF-B701-B05491D1F0B2}.Release|Any CPU.Build.0 = Release|Any CPU
		{18031622-2F41-468F-9CCC-5BADED5DB7A5}.Debug|Any CPU.ActiveCfg = Debug|Any CPU
		{18031622-2F41-468F-9CCC-5BADED5DB7A5}.Debug|Any CPU.Build.0 = Debug|Any CPU
		{18031622-2F41-468F-9CCC-5BADED5DB7A5}.Release|Any CPU.ActiveCfg = Release|Any CPU
		{18031622-2F41-468F-9CCC-5BADED5DB7A5}.Release|Any CPU.Build.0 = Release|Any CPU
	EndGlobalSection
	GlobalSection(SolutionProperties) = preSolution
		HideSolutionNode = FALSE
	EndGlobalSection
	GlobalSection(ExtensibilityGlobals) = postSolution
		SolutionGuid = {BE1F6170-FEF4-440F-923E-E862603915B3}
	EndGlobalSection
EndGlobal
